
Microsoft Visual Studio Solution File, Format Version 12.00
# Visual Studio 15
VisualStudioVersion = 15.0.27703.2018
MinimumVisualStudioVersion = 10.0.40219.1
Project("{FAE04EC0-301F-11D3-BF4B-00C04F79EFBC}") = "BlazorExploratoryDay.Server", "BlazorExploratoryDay.Server\BlazorExploratoryDay.Server.csproj", "{517D6CC3-F6FE-4E2B-A30B-21B0745CE12B}"
EndProject
Project("{FAE04EC0-301F-11D3-BF4B-00C04F79EFBC}") = "BlazorExploratoryDay.Client", "BlazorExploratoryDay.Client\BlazorExploratoryDay.Client.csproj", "{62B121C4-7581-40DE-9A9B-09B0FF93640D}"
EndProject
Project("{FAE04EC0-301F-11D3-BF4B-00C04F79EFBC}") = "BlazorExploratoryDay.Shared", "BlazorExploratoryDay.Shared\BlazorExploratoryDay.Shared.csproj", "{8CDF291A-62EE-442D-B6DA-BC34E3B00A9B}"
EndProject
Project("{2150E333-8FDC-42A3-9474-1A3956D46DE8}") = "Solution Items", "Solution Items", "{058676E2-6AF2-406B-8333-1299D24706AF}"
	ProjectSection(SolutionItems) = preProject
		README.md = README.md
	EndProjectSection
EndProject
Global
	GlobalSection(SolutionConfigurationPlatforms) = preSolution
		Debug|Any CPU = Debug|Any CPU
		Release|Any CPU = Release|Any CPU
	EndGlobalSection
	GlobalSection(ProjectConfigurationPlatforms) = postSolution
		{517D6CC3-F6FE-4E2B-A30B-21B0745CE12B}.Debug|Any CPU.ActiveCfg = Debug|Any CPU
		{517D6CC3-F6FE-4E2B-A30B-21B0745CE12B}.Debug|Any CPU.Build.0 = Debug|Any CPU
		{517D6CC3-F6FE-4E2B-A30B-21B0745CE12B}.Release|Any CPU.ActiveCfg = Release|Any CPU
		{517D6CC3-F6FE-4E2B-A30B-21B0745CE12B}.Release|Any CPU.Build.0 = Release|Any CPU
		{62B121C4-7581-40DE-9A9B-09B0FF93640D}.Debug|Any CPU.ActiveCfg = Debug|Any CPU
		{62B121C4-7581-40DE-9A9B-09B0FF93640D}.Debug|Any CPU.Build.0 = Debug|Any CPU
		{62B121C4-7581-40DE-9A9B-09B0FF93640D}.Release|Any CPU.ActiveCfg = Release|Any CPU
		{62B121C4-7581-40DE-9A9B-09B0FF93640D}.Release|Any CPU.Build.0 = Release|Any CPU
		{8CDF291A-62EE-442D-B6DA-BC34E3B00A9B}.Debug|Any CPU.ActiveCfg = Debug|Any CPU
		{8CDF291A-62EE-442D-B6DA-BC34E3B00A9B}.Debug|Any CPU.Build.0 = Debug|Any CPU
		{8CDF291A-62EE-442D-B6DA-BC34E3B00A9B}.Release|Any CPU.ActiveCfg = Release|Any CPU
		{8CDF291A-62EE-442D-B6DA-BC34E3B00A9B}.Release|Any CPU.Build.0 = Release|Any CPU
	EndGlobalSection
	GlobalSection(SolutionProperties) = preSolution
		HideSolutionNode = FALSE
	EndGlobalSection
	GlobalSection(ExtensibilityGlobals) = postSolution
		SolutionGuid = {CEA0EBBE-6B48-42C9-8E65-5C71A5ABF1FA}
	EndGlobalSection
EndGlobal
